
Microsoft Visual Studio Solution File, Format Version 12.00
# Visual Studio Version 16
VisualStudioVersion = 16.0.29025.244
MinimumVisualStudioVersion = 10.0.40219.1
Project("{FAE04EC0-301F-11D3-BF4B-00C04F79EFBC}") = "FaceDetection", "FaceDetection\FaceDetection.csproj", "{503307A6-AF45-484A-9B49-E3261890D28A}"
EndProject
Global
	GlobalSection(SolutionConfigurationPlatforms) = preSolution
		Debug|Any CPU = Debug|Any CPU
		Release|Any CPU = Release|Any CPU
	EndGlobalSection
	GlobalSection(ProjectConfigurationPlatforms) = postSolution
		{503307A6-AF45-484A-9B49-E3261890D28A}.Debug|Any CPU.ActiveCfg = Debug|Any CPU
		{503307A6-AF45-484A-9B49-E3261890D28A}.Debug|Any CPU.Build.0 = Debug|Any CPU
		{503307A6-AF45-484A-9B49-E3261890D28A}.Release|Any CPU.ActiveCfg = Release|Any CPU
		{503307A6-AF45-484A-9B49-E3261890D28A}.Release|Any CPU.Build.0 = Release|Any CPU
	EndGlobalSection
	GlobalSection(SolutionProperties) = preSolution
		HideSolutionNode = FALSE
	EndGlobalSection
	GlobalSection(ExtensibilityGlobals) = postSolution
		SolutionGuid = {DF2F2B21-B15C-4E85-B9F3-D7DB476A8438}
	EndGlobalSection
EndGlobal
